
Microsoft Visual Studio Solution File, Format Version 12.00
# Visual Studio Version 17
VisualStudioVersion = 17.14.36616.10 d17.14
MinimumVisualStudioVersion = 10.0.40219.1
Project("{FAE04EC0-301F-11D3-BF4B-00C04F79EFBC}") = "ReadFileSV", "ReadFileSV\ReadFileSV.csproj", "{F934F516-5E8D-4C4A-AD45-9EA0EF833146}"
EndProject
Global
	GlobalSection(SolutionConfigurationPlatforms) = preSolution
		Debug|Any CPU = Debug|Any CPU
		Release|Any CPU = Release|Any CPU
	EndGlobalSection
	GlobalSection(ProjectConfigurationPlatforms) = postSolution
		{F934F516-5E8D-4C4A-AD45-9EA0EF833146}.Debug|Any CPU.ActiveCfg = Debug|Any CPU
		{F934F516-5E8D-4C4A-AD45-9EA0EF833146}.Debug|Any CPU.Build.0 = Debug|Any CPU
		{F934F516-5E8D-4C4A-AD45-9EA0EF833146}.Release|Any CPU.ActiveCfg = Release|Any CPU
		{F934F516-5E8D-4C4A-AD45-9EA0EF833146}.Release|Any CPU.Build.0 = Release|Any CPU
	EndGlobalSection
	GlobalSection(SolutionProperties) = preSolution
		HideSolutionNode = FALSE
	EndGlobalSection
	GlobalSection(ExtensibilityGlobals) = postSolution
		SolutionGuid = {8C0D3006-F2A6-45CF-8342-A6DB547F1C3C}
	EndGlobalSection
EndGlobal
